
Microsoft Visual Studio Solution File, Format Version 12.00
# Visual Studio Version 17
VisualStudioVersion = 17.11.35327.3
MinimumVisualStudioVersion = 10.0.40219.1
Project("{FAE04EC0-301F-11D3-BF4B-00C04F79EFBC}") = "logiciel_de_caisse_Primeur_de_la_Côte", "logiciel_de_caisse_Primeur_de_la_Côte\logiciel_de_caisse_Primeur_de_la_Côte.csproj", "{5940F8AA-86EF-4D06-A52F-B7447497A24B}"
EndProject
Global
	GlobalSection(SolutionConfigurationPlatforms) = preSolution
		Debug|Any CPU = Debug|Any CPU
		Release|Any CPU = Release|Any CPU
	EndGlobalSection
	GlobalSection(ProjectConfigurationPlatforms) = postSolution
		{5940F8AA-86EF-4D06-A52F-B7447497A24B}.Debug|Any CPU.ActiveCfg = Debug|Any CPU
		{5940F8AA-86EF-4D06-A52F-B7447497A24B}.Debug|Any CPU.Build.0 = Debug|Any CPU
		{5940F8AA-86EF-4D06-A52F-B7447497A24B}.Release|Any CPU.ActiveCfg = Release|Any CPU
		{5940F8AA-86EF-4D06-A52F-B7447497A24B}.Release|Any CPU.Build.0 = Release|Any CPU
	EndGlobalSection
	GlobalSection(SolutionProperties) = preSolution
		HideSolutionNode = FALSE
	EndGlobalSection
	GlobalSection(ExtensibilityGlobals) = postSolution
		SolutionGuid = {AC041B02-9C4D-4CE4-9A92-FD01908D641E}
	EndGlobalSection
EndGlobal
